
Microsoft Visual Studio Solution File, Format Version 12.00
# Visual Studio Version 17
VisualStudioVersion = 17.1.32210.238
MinimumVisualStudioVersion = 10.0.40219.1
Project("{9A19103F-16F7-4668-BE54-9A1E7A4F7556}") = "taaghche", "taaghche\taaghche.csproj", "{9D81C9D7-FED7-4D71-B66D-050817400E56}"
EndProject
Project("{E53339B2-1760-4266-BCC7-CA923CBCF16C}") = "docker-compose", "docker-compose.dcproj", "{22715BEA-243C-411B-B8C7-75D6A211071F}"
EndProject
Project("{FAE04EC0-301F-11D3-BF4B-00C04F79EFBC}") = "UnitTests", "..\UnitTests\UnitTests.csproj", "{17F8BC2F-6230-46FD-93DC-BC406A84422C}"
EndProject
Global
	GlobalSection(SolutionConfigurationPlatforms) = preSolution
		Debug|Any CPU = Debug|Any CPU
		Release|Any CPU = Release|Any CPU
	EndGlobalSection
	GlobalSection(ProjectConfigurationPlatforms) = postSolution
		{9D81C9D7-FED7-4D71-B66D-050817400E56}.Debug|Any CPU.ActiveCfg = Debug|Any CPU
		{9D81C9D7-FED7-4D71-B66D-050817400E56}.Debug|Any CPU.Build.0 = Debug|Any CPU
		{9D81C9D7-FED7-4D71-B66D-050817400E56}.Release|Any CPU.ActiveCfg = Release|Any CPU
		{9D81C9D7-FED7-4D71-B66D-050817400E56}.Release|Any CPU.Build.0 = Release|Any CPU
		{22715BEA-243C-411B-B8C7-75D6A211071F}.Debug|Any CPU.ActiveCfg = Debug|Any CPU
		{22715BEA-243C-411B-B8C7-75D6A211071F}.Debug|Any CPU.Build.0 = Debug|Any CPU
		{22715BEA-243C-411B-B8C7-75D6A211071F}.Release|Any CPU.ActiveCfg = Release|Any CPU
		{22715BEA-243C-411B-B8C7-75D6A211071F}.Release|Any CPU.Build.0 = Release|Any CPU
		{17F8BC2F-6230-46FD-93DC-BC406A84422C}.Debug|Any CPU.ActiveCfg = Debug|Any CPU
		{17F8BC2F-6230-46FD-93DC-BC406A84422C}.Debug|Any CPU.Build.0 = Debug|Any CPU
		{17F8BC2F-6230-46FD-93DC-BC406A84422C}.Release|Any CPU.ActiveCfg = Release|Any CPU
		{17F8BC2F-6230-46FD-93DC-BC406A84422C}.Release|Any CPU.Build.0 = Release|Any CPU
	EndGlobalSection
	GlobalSection(SolutionProperties) = preSolution
		HideSolutionNode = FALSE
	EndGlobalSection
	GlobalSection(ExtensibilityGlobals) = postSolution
		SolutionGuid = {E0100559-93C4-47CA-ADD1-ED473AE3344A}
	EndGlobalSection
EndGlobal
